
Microsoft Visual Studio Solution File, Format Version 12.00
# Visual Studio Version 17
VisualStudioVersion = 17.3.32819.101
MinimumVisualStudioVersion = 10.0.40219.1
Project("{FAE04EC0-301F-11D3-BF4B-00C04F79EFBC}") = "GrabBag", "GrabBag\GrabBag.csproj", "{0B4DFCD5-FEAB-43F5-BC76-01FEFD378C89}"
EndProject
Global
	GlobalSection(SolutionConfigurationPlatforms) = preSolution
		Debug|Any CPU = Debug|Any CPU
		Release|Any CPU = Release|Any CPU
	EndGlobalSection
	GlobalSection(ProjectConfigurationPlatforms) = postSolution
		{0B4DFCD5-FEAB-43F5-BC76-01FEFD378C89}.Debug|Any CPU.ActiveCfg = Debug|Any CPU
		{0B4DFCD5-FEAB-43F5-BC76-01FEFD378C89}.Debug|Any CPU.Build.0 = Debug|Any CPU
		{0B4DFCD5-FEAB-43F5-BC76-01FEFD378C89}.Release|Any CPU.ActiveCfg = Release|Any CPU
		{0B4DFCD5-FEAB-43F5-BC76-01FEFD378C89}.Release|Any CPU.Build.0 = Release|Any CPU
	EndGlobalSection
	GlobalSection(SolutionProperties) = preSolution
		HideSolutionNode = FALSE
	EndGlobalSection
	GlobalSection(ExtensibilityGlobals) = postSolution
		SolutionGuid = {5C738627-FF8B-4BE8-AE3E-EC361D6CA98C}
	EndGlobalSection
EndGlobal
